// !$*UTF8*$!
{
	archiveVersion = 1;
	classes = {
	};
	objectVersion = 56;
	objects = {

/* Begin PBXBuildFile section */
		171C5D482964663F00AA1F0B /* CollectionViewTableViewCell.swift in Sources */ = {isa = PBXBuildFile; fileRef = 171C5D472964663F00AA1F0B /* CollectionViewTableViewCell.swift */; };
		173C6A5F297EB283006859E3 /* YoutubeSearchResponse.swift in Sources */ = {isa = PBXBuildFile; fileRef = 173C6A5E297EB283006859E3 /* YoutubeSearchResponse.swift */; };
		17402DF12975520F000D724B /* TitleTableViewCell.swift in Sources */ = {isa = PBXBuildFile; fileRef = 17402DF02975520F000D724B /* TitleTableViewCell.swift */; };
		17402DF329755722000D724B /* TitleViewModel.swift in Sources */ = {isa = PBXBuildFile; fileRef = 17402DF229755722000D724B /* TitleViewModel.swift */; };
		17530F5629476E4F00BB3A64 /* AppDelegate.swift in Sources */ = {isa = PBXBuildFile; fileRef = 17530F5529476E4F00BB3A64 /* AppDelegate.swift */; };
		17530F5829476E4F00BB3A64 /* SceneDelegate.swift in Sources */ = {isa = PBXBuildFile; fileRef = 17530F5729476E4F00BB3A64 /* SceneDelegate.swift */; };
		17530F5A29476E4F00BB3A64 /* MainTabBarViewController.swift in Sources */ = {isa = PBXBuildFile; fileRef = 17530F5929476E4F00BB3A64 /* MainTabBarViewController.swift */; };
		17530F5F29476E5100BB3A64 /* Assets.xcassets in Resources */ = {isa = PBXBuildFile; fileRef = 17530F5E29476E5100BB3A64 /* Assets.xcassets */; };
		17530F6229476E5100BB3A64 /* LaunchScreen.storyboard in Resources */ = {isa = PBXBuildFile; fileRef = 17530F6029476E5100BB3A64 /* LaunchScreen.storyboard */; };
		17535B622980244200E1D3FA /* TitlePreviewViewModel.swift in Sources */ = {isa = PBXBuildFile; fileRef = 17535B612980244200E1D3FA /* TitlePreviewViewModel.swift */; };
		176E0052297016C3004FF702 /* TitleCollectionViewCell.swift in Sources */ = {isa = PBXBuildFile; fileRef = 176E0051297016C3004FF702 /* TitleCollectionViewCell.swift */; };
		176E005529701845004FF702 /* SDWebImage in Frameworks */ = {isa = PBXBuildFile; productRef = 176E005429701845004FF702 /* SDWebImage */; };
		176E005729701845004FF702 /* SDWebImageMapKit in Frameworks */ = {isa = PBXBuildFile; productRef = 176E005629701845004FF702 /* SDWebImageMapKit */; };
		17942E3B2987B5B300C9241D /* NetflixCloneModel.xcdatamodeld in Sources */ = {isa = PBXBuildFile; fileRef = 17942E392987B5B300C9241D /* NetflixCloneModel.xcdatamodeld */; };
		1794F763296ED60C005113F7 /* APICaller.swift in Sources */ = {isa = PBXBuildFile; fileRef = 1794F762296ED60C005113F7 /* APICaller.swift */; };
		1794F765296EE04F005113F7 /* Title.swift in Sources */ = {isa = PBXBuildFile; fileRef = 1794F764296EE04F005113F7 /* Title.swift */; };
		1794F767296EEAC9005113F7 /* Extensions.swift in Sources */ = {isa = PBXBuildFile; fileRef = 1794F766296EEAC9005113F7 /* Extensions.swift */; };
		17A98555297EBC2600C08ECE /* TitlePreviewViewController.swift in Sources */ = {isa = PBXBuildFile; fileRef = 17A98554297EBC2600C08ECE /* TitlePreviewViewController.swift */; };
		17DC9500298D29BB007A5AE8 /* silinecek.storyboard in Resources */ = {isa = PBXBuildFile; fileRef = 17DC94FF298D29BB007A5AE8 /* silinecek.storyboard */; };
		17E9D8D42949FB6600050594 /* HomeViewController.swift in Sources */ = {isa = PBXBuildFile; fileRef = 17E9D8D32949FB6600050594 /* HomeViewController.swift */; };
		17E9D8D62949FB9000050594 /* UpComingViewController.swift in Sources */ = {isa = PBXBuildFile; fileRef = 17E9D8D52949FB9000050594 /* UpComingViewController.swift */; };
		17E9D8D82949FBA500050594 /* SearchViewController.swift in Sources */ = {isa = PBXBuildFile; fileRef = 17E9D8D72949FBA500050594 /* SearchViewController.swift */; };
		17E9D8DA2949FBC200050594 /* DownloadsViewController.swift in Sources */ = {isa = PBXBuildFile; fileRef = 17E9D8D92949FBC200050594 /* DownloadsViewController.swift */; };
		17F073BB296C3B7E00D17500 /* HeroHeaderUIView.swift in Sources */ = {isa = PBXBuildFile; fileRef = 17F073BA296C3B7E00D17500 /* HeroHeaderUIView.swift */; };
		17F3C2E42987BB1300F6DC06 /* DataPersistenceManager.swift in Sources */ = {isa = PBXBuildFile; fileRef = 17F3C2E32987BB1300F6DC06 /* DataPersistenceManager.swift */; };
		17FB6DBB297AEF6E00FB5382 /* SearchResultsViewController.swift in Sources */ = {isa = PBXBuildFile; fileRef = 17FB6DBA297AEF6E00FB5382 /* SearchResultsViewController.swift */; };
/* End PBXBuildFile section */

/* Begin PBXFileReference section */
		171C5D472964663F00AA1F0B /* CollectionViewTableViewCell.swift */ = {isa = PBXFileReference; lastKnownFileType = sourcecode.swift; path = CollectionViewTableViewCell.swift; sourceTree = "<group>"; };
		173C6A5E297EB283006859E3 /* YoutubeSearchResponse.swift */ = {isa = PBXFileReference; lastKnownFileType = sourcecode.swift; path = YoutubeSearchResponse.swift; sourceTree = "<group>"; };
		17402DF02975520F000D724B /* TitleTableViewCell.swift */ = {isa = PBXFileReference; lastKnownFileType = sourcecode.swift; path = TitleTableViewCell.swift; sourceTree = "<group>"; };
		17402DF229755722000D724B /* TitleViewModel.swift */ = {isa = PBXFileReference; lastKnownFileType = sourcecode.swift; path = TitleViewModel.swift; sourceTree = "<group>"; };
		17530F5229476E4F00BB3A64 /* NetflixClone.app */ = {isa = PBXFileReference; explicitFileType = wrapper.application; includeInIndex = 0; path = NetflixClone.app; sourceTree = BUILT_PRODUCTS_DIR; };
		17530F5529476E4F00BB3A64 /* AppDelegate.swift */ = {isa = PBXFileReference; lastKnownFileType = sourcecode.swift; path = AppDelegate.swift; sourceTree = "<group>"; };
		17530F5729476E4F00BB3A64 /* SceneDelegate.swift */ = {isa = PBXFileReference; lastKnownFileType = sourcecode.swift; path = SceneDelegate.swift; sourceTree = "<group>"; };
		17530F5929476E4F00BB3A64 /* MainTabBarViewController.swift */ = {isa = PBXFileReference; lastKnownFileType = sourcecode.swift; path = MainTabBarViewController.swift; sourceTree = "<group>"; };
		17530F5E29476E5100BB3A64 /* Assets.xcassets */ = {isa = PBXFileReference; lastKnownFileType = folder.assetcatalog; path = Assets.xcassets; sourceTree = "<group>"; };
		17530F6129476E5100BB3A64 /* Base */ = {isa = PBXFileReference; lastKnownFileType = file.storyboard; name = Base; path = Base.lproj/LaunchScreen.storyboard; sourceTree = "<group>"; };
		17530F6329476E5100BB3A64 /* Info.plist */ = {isa = PBXFileReference; lastKnownFileType = text.plist.xml; path = Info.plist; sourceTree = "<group>"; };
		17535B612980244200E1D3FA /* TitlePreviewViewModel.swift */ = {isa = PBXFileReference; lastKnownFileType = sourcecode.swift; path = TitlePreviewViewModel.swift; sourceTree = "<group>"; };
		176E0051297016C3004FF702 /* TitleCollectionViewCell.swift */ = {isa = PBXFileReference; lastKnownFileType = sourcecode.swift; path = TitleCollectionViewCell.swift; sourceTree = "<group>"; };
		17942E3A2987B5B300C9241D /* NetflixCloneModel.xcdatamodel */ = {isa = PBXFileReference; lastKnownFileType = wrapper.xcdatamodel; path = NetflixCloneModel.xcdatamodel; sourceTree = "<group>"; };
		1794F762296ED60C005113F7 /* APICaller.swift */ = {isa = PBXFileReference; lastKnownFileType = sourcecode.swift; path = APICaller.swift; sourceTree = "<group>"; };
		1794F764296EE04F005113F7 /* Title.swift */ = {isa = PBXFileReference; lastKnownFileType = sourcecode.swift; path = Title.swift; sourceTree = "<group>"; };
		1794F766296EEAC9005113F7 /* Extensions.swift */ = {isa = PBXFileReference; lastKnownFileType = sourcecode.swift; path = Extensions.swift; sourceTree = "<group>"; };
		17A98554297EBC2600C08ECE /* TitlePreviewViewController.swift */ = {isa = PBXFileReference; lastKnownFileType = sourcecode.swift; path = TitlePreviewViewController.swift; sourceTree = "<group>"; };
		17DC94FF298D29BB007A5AE8 /* silinecek.storyboard */ = {isa = PBXFileReference; lastKnownFileType = file.storyboard; path = silinecek.storyboard; sourceTree = "<group>"; };
		17E9D8D32949FB6600050594 /* HomeViewController.swift */ = {isa = PBXFileReference; lastKnownFileType = sourcecode.swift; path = HomeViewController.swift; sourceTree = "<group>"; };
		17E9D8D52949FB9000050594 /* UpComingViewController.swift */ = {isa = PBXFileReference; lastKnownFileType = sourcecode.swift; path = UpComingViewController.swift; sourceTree = "<group>"; };
		17E9D8D72949FBA500050594 /* SearchViewController.swift */ = {isa = PBXFileReference; lastKnownFileType = sourcecode.swift; path = SearchViewController.swift; sourceTree = "<group>"; };
		17E9D8D92949FBC200050594 /* DownloadsViewController.swift */ = {isa = PBXFileReference; lastKnownFileType = sourcecode.swift; path = DownloadsViewController.swift; sourceTree = "<group>"; };
		17F073BA296C3B7E00D17500 /* HeroHeaderUIView.swift */ = {isa = PBXFileReference; lastKnownFileType = sourcecode.swift; path = HeroHeaderUIView.swift; sourceTree = "<group>"; };
		17F3C2E32987BB1300F6DC06 /* DataPersistenceManager.swift */ = {isa = PBXFileReference; lastKnownFileType = sourcecode.swift; path = DataPersistenceManager.swift; sourceTree = "<group>"; };
		17FB6DBA297AEF6E00FB5382 /* SearchResultsViewController.swift */ = {isa = PBXFileReference; lastKnownFileType = sourcecode.swift; path = SearchResultsViewController.swift; sourceTree = "<group>"; };
/* End PBXFileReference section */

/* Begin PBXFrameworksBuildPhase section */
		17530F4F29476E4F00BB3A64 /* Frameworks */ = {
			isa = PBXFrameworksBuildPhase;
			buildActionMask = 2147483647;
			files = (
				176E005729701845004FF702 /* SDWebImageMapKit in Frameworks */,
				176E005529701845004FF702 /* SDWebImage in Frameworks */,
			);
			runOnlyForDeploymentPostprocessing = 0;
		};
/* End PBXFrameworksBuildPhase section */

/* Begin PBXGroup section */
		171C5D42296465D500AA1F0B /* ViewModel */ = {
			isa = PBXGroup;
			children = (
				17402DF229755722000D724B /* TitleViewModel.swift */,
				17535B612980244200E1D3FA /* TitlePreviewViewModel.swift */,
			);
			path = ViewModel;
			sourceTree = "<group>";
		};
		171C5D43296465DE00AA1F0B /* View */ = {
			isa = PBXGroup;
			children = (
				171C5D472964663F00AA1F0B /* CollectionViewTableViewCell.swift */,
				17F073BA296C3B7E00D17500 /* HeroHeaderUIView.swift */,
				176E0051297016C3004FF702 /* TitleCollectionViewCell.swift */,
				17402DF02975520F000D724B /* TitleTableViewCell.swift */,
			);
			path = View;
			sourceTree = "<group>";
		};
		171C5D44296465E200AA1F0B /* Model */ = {
			isa = PBXGroup;
			children = (
				1794F764296EE04F005113F7 /* Title.swift */,
				173C6A5E297EB283006859E3 /* YoutubeSearchResponse.swift */,
			);
			path = Model;
			sourceTree = "<group>";
		};
		171C5D45296465F800AA1F0B /* Resources */ = {
			isa = PBXGroup;
			children = (
				17530F5729476E4F00BB3A64 /* SceneDelegate.swift */,
				17530F5529476E4F00BB3A64 /* AppDelegate.swift */,
				1794F766296EEAC9005113F7 /* Extensions.swift */,
			);
			path = Resources;
			sourceTree = "<group>";
		};
		171C5D46296465FE00AA1F0B /* Manager */ = {
			isa = PBXGroup;
			children = (
				1794F762296ED60C005113F7 /* APICaller.swift */,
				17F3C2E32987BB1300F6DC06 /* DataPersistenceManager.swift */,
			);
			path = Manager;
			sourceTree = "<group>";
		};
		17530F4929476E4F00BB3A64 = {
			isa = PBXGroup;
			children = (
				17530F5429476E4F00BB3A64 /* NetflixClone */,
				17530F5329476E4F00BB3A64 /* Products */,
			);
			sourceTree = "<group>";
		};
		17530F5329476E4F00BB3A64 /* Products */ = {
			isa = PBXGroup;
			children = (
				17530F5229476E4F00BB3A64 /* NetflixClone.app */,
			);
			name = Products;
			sourceTree = "<group>";
		};
		17530F5429476E4F00BB3A64 /* NetflixClone */ = {
			isa = PBXGroup;
			children = (
				171C5D46296465FE00AA1F0B /* Manager */,
				171C5D45296465F800AA1F0B /* Resources */,
				171C5D44296465E200AA1F0B /* Model */,
				171C5D43296465DE00AA1F0B /* View */,
				171C5D42296465D500AA1F0B /* ViewModel */,
				17E9D8D22949FB5000050594 /* Controllers */,
				17530F5E29476E5100BB3A64 /* Assets.xcassets */,
				17530F6029476E5100BB3A64 /* LaunchScreen.storyboard */,
				17530F6329476E5100BB3A64 /* Info.plist */,
				17942E392987B5B300C9241D /* NetflixCloneModel.xcdatamodeld */,
				17DC94FF298D29BB007A5AE8 /* silinecek.storyboard */,
			);
			path = NetflixClone;
			sourceTree = "<group>";
		};
		17E9D8D22949FB5000050594 /* Controllers */ = {
			isa = PBXGroup;
			children = (
				17FB6DBD297AEFCD00FB5382 /* General */,
				17FB6DBC297AEFC700FB5382 /* Core */,
			);
			path = Controllers;
			sourceTree = "<group>";
		};
		17FB6DBC297AEFC700FB5382 /* Core */ = {
			isa = PBXGroup;
			children = (
				17530F5929476E4F00BB3A64 /* MainTabBarViewController.swift */,
				17E9D8D32949FB6600050594 /* HomeViewController.swift */,
				17E9D8D52949FB9000050594 /* UpComingViewController.swift */,
				17E9D8D72949FBA500050594 /* SearchViewController.swift */,
				17E9D8D92949FBC200050594 /* DownloadsViewController.swift */,
			);
			path = Core;
			sourceTree = "<group>";
		};
		17FB6DBD297AEFCD00FB5382 /* General */ = {
			isa = PBXGroup;
			children = (
				17FB6DBA297AEF6E00FB5382 /* SearchResultsViewController.swift */,
				17A98554297EBC2600C08ECE /* TitlePreviewViewController.swift */,
			);
			path = General;
			sourceTree = "<group>";
		};
/* End PBXGroup section */

/* Begin PBXNativeTarget section */
		17530F5129476E4F00BB3A64 /* NetflixClone */ = {
			isa = PBXNativeTarget;
			buildConfigurationList = 17530F6629476E5100BB3A64 /* Build configuration list for PBXNativeTarget "NetflixClone" */;
			buildPhases = (
				17530F4E29476E4F00BB3A64 /* Sources */,
				17530F4F29476E4F00BB3A64 /* Frameworks */,
				17530F5029476E4F00BB3A64 /* Resources */,
			);
			buildRules = (
			);
			dependencies = (
			);
			name = NetflixClone;
			packageProductDependencies = (
				176E005429701845004FF702 /* SDWebImage */,
				176E005629701845004FF702 /* SDWebImageMapKit */,
			);
			productName = NetflixClone;
			productReference = 17530F5229476E4F00BB3A64 /* NetflixClone.app */;
			productType = "com.apple.product-type.application";
		};
/* End PBXNativeTarget section */

/* Begin PBXProject section */
		17530F4A29476E4F00BB3A64 /* Project object */ = {
			isa = PBXProject;
			attributes = {
				BuildIndependentTargetsInParallel = 1;
				LastSwiftUpdateCheck = 1400;
				LastUpgradeCheck = 1400;
				TargetAttributes = {
					17530F5129476E4F00BB3A64 = {
						CreatedOnToolsVersion = 14.0.1;
					};
				};
			};
			buildConfigurationList = 17530F4D29476E4F00BB3A64 /* Build configuration list for PBXProject "NetflixClone" */;
			compatibilityVersion = "Xcode 14.0";
			developmentRegion = en;
			hasScannedForEncodings = 0;
			knownRegions = (
				en,
				Base,
			);
			mainGroup = 17530F4929476E4F00BB3A64;
			packageReferences = (
				176E005329701845004FF702 /* XCRemoteSwiftPackageReference "SDWebImage" */,
			);
			productRefGroup = 17530F5329476E4F00BB3A64 /* Products */;
			projectDirPath = "";
			projectRoot = "";
			targets = (
				17530F5129476E4F00BB3A64 /* NetflixClone */,
			);
		};
/* End PBXProject section */

/* Begin PBXResourcesBuildPhase section */
		17530F5029476E4F00BB3A64 /* Resources */ = {
			isa = PBXResourcesBuildPhase;
			buildActionMask = 2147483647;
			files = (
				17DC9500298D29BB007A5AE8 /* silinecek.storyboard in Resources */,
				17530F6229476E5100BB3A64 /* LaunchScreen.storyboard in Resources */,
				17530F5F29476E5100BB3A64 /* Assets.xcassets in Resources */,
			);
			runOnlyForDeploymentPostprocessing = 0;
		};
/* End PBXResourcesBuildPhase section */

/* Begin PBXSourcesBuildPhase section */
		17530F4E29476E4F00BB3A64 /* Sources */ = {
			isa = PBXSourcesBuildPhase;
			buildActionMask = 2147483647;
			files = (
				17402DF12975520F000D724B /* TitleTableViewCell.swift in Sources */,
				17E9D8D82949FBA500050594 /* SearchViewController.swift in Sources */,
				176E0052297016C3004FF702 /* TitleCollectionViewCell.swift in Sources */,
				17F3C2E42987BB1300F6DC06 /* DataPersistenceManager.swift in Sources */,
				17530F5A29476E4F00BB3A64 /* MainTabBarViewController.swift in Sources */,
				171C5D482964663F00AA1F0B /* CollectionViewTableViewCell.swift in Sources */,
				1794F763296ED60C005113F7 /* APICaller.swift in Sources */,
				17942E3B2987B5B300C9241D /* NetflixCloneModel.xcdatamodeld in Sources */,
				17F073BB296C3B7E00D17500 /* HeroHeaderUIView.swift in Sources */,
				17E9D8DA2949FBC200050594 /* DownloadsViewController.swift in Sources */,
				17530F5629476E4F00BB3A64 /* AppDelegate.swift in Sources */,
				17FB6DBB297AEF6E00FB5382 /* SearchResultsViewController.swift in Sources */,
				1794F767296EEAC9005113F7 /* Extensions.swift in Sources */,
				173C6A5F297EB283006859E3 /* YoutubeSearchResponse.swift in Sources */,
				17E9D8D62949FB9000050594 /* UpComingViewController.swift in Sources */,
				17535B622980244200E1D3FA /* TitlePreviewViewModel.swift in Sources */,
				17530F5829476E4F00BB3A64 /* SceneDelegate.swift in Sources */,
				17A98555297EBC2600C08ECE /* TitlePreviewViewController.swift in Sources */,
				1794F765296EE04F005113F7 /* Title.swift in Sources */,
				17E9D8D42949FB6600050594 /* HomeViewController.swift in Sources */,
				17402DF329755722000D724B /* TitleViewModel.swift in Sources */,
			);
			runOnlyForDeploymentPostprocessing = 0;
		};
/* End PBXSourcesBuildPhase section */

/* Begin PBXVariantGroup section */
		17530F6029476E5100BB3A64 /* LaunchScreen.storyboard */ = {
			isa = PBXVariantGroup;
			children = (
				17530F6129476E5100BB3A64 /* Base */,
			);
			name = LaunchScreen.storyboard;
			sourceTree = "<group>";
		};
/* End PBXVariantGroup section */

/* Begin XCBuildConfiguration section */
		17530F6429476E5100BB3A64 /* Debug */ = {
			isa = XCBuildConfiguration;
			buildSettings = {
				ALWAYS_SEARCH_USER_PATHS = NO;
				CLANG_ANALYZER_NONNULL = YES;
				CLANG_ANALYZER_NUMBER_OBJECT_CONVERSION = YES_AGGRESSIVE;
				CLANG_CXX_LANGUAGE_STANDARD = "gnu++20";
				CLANG_ENABLE_MODULES = YES;
				CLANG_ENABLE_OBJC_ARC = YES;
				CLANG_ENABLE_OBJC_WEAK = YES;
				CLANG_WARN_BLOCK_CAPTURE_AUTORELEASING = YES;
				CLANG_WARN_BOOL_CONVERSION = YES;
				CLANG_WARN_COMMA = YES;
				CLANG_WARN_CONSTANT_CONVERSION = YES;
				CLANG_WARN_DEPRECATED_OBJC_IMPLEMENTATIONS = YES;
				CLANG_WARN_DIRECT_OBJC_ISA_USAGE = YES_ERROR;
				CLANG_WARN_DOCUMENTATION_COMMENTS = YES;
				CLANG_WARN_EMPTY_BODY = YES;
				CLANG_WARN_ENUM_CONVERSION = YES;
				CLANG_WARN_INFINITE_RECURSION = YES;
				CLANG_WARN_INT_CONVERSION = YES;
				CLANG_WARN_NON_LITERAL_NULL_CONVERSION = YES;
				CLANG_WARN_OBJC_IMPLICIT_RETAIN_SELF = YES;
				CLANG_WARN_OBJC_LITERAL_CONVERSION = YES;
				CLANG_WARN_OBJC_ROOT_CLASS = YES_ERROR;
				CLANG_WARN_QUOTED_INCLUDE_IN_FRAMEWORK_HEADER = YES;
				CLANG_WARN_RANGE_LOOP_ANALYSIS = YES;
				CLANG_WARN_STRICT_PROTOTYPES = YES;
				CLANG_WARN_SUSPICIOUS_MOVE = YES;
				CLANG_WARN_UNGUARDED_AVAILABILITY = YES_AGGRESSIVE;
				CLANG_WARN_UNREACHABLE_CODE = YES;
				CLANG_WARN__DUPLICATE_METHOD_MATCH = YES;
				COPY_PHASE_STRIP = NO;
				DEBUG_INFORMATION_FORMAT = dwarf;
				ENABLE_STRICT_OBJC_MSGSEND = YES;
				ENABLE_TESTABILITY = YES;
				GCC_C_LANGUAGE_STANDARD = gnu11;
				GCC_DYNAMIC_NO_PIC = NO;
				GCC_NO_COMMON_BLOCKS = YES;
				GCC_OPTIMIZATION_LEVEL = 0;
				GCC_PREPROCESSOR_DEFINITIONS = (
					"DEBUG=1",
					"$(inherited)",
				);
				GCC_WARN_64_TO_32_BIT_CONVERSION = YES;
				GCC_WARN_ABOUT_RETURN_TYPE = YES_ERROR;
				GCC_WARN_UNDECLARED_SELECTOR = YES;
				GCC_WARN_UNINITIALIZED_AUTOS = YES_AGGRESSIVE;
				GCC_WARN_UNUSED_FUNCTION = YES;
				GCC_WARN_UNUSED_VARIABLE = YES;
				IPHONEOS_DEPLOYMENT_TARGET = 16.0;
				MTL_ENABLE_DEBUG_INFO = INCLUDE_SOURCE;
				MTL_FAST_MATH = YES;
				ONLY_ACTIVE_ARCH = YES;
				SDKROOT = iphoneos;
				SWIFT_ACTIVE_COMPILATION_CONDITIONS = DEBUG;
				SWIFT_OPTIMIZATION_LEVEL = "-Onone";
			};
			name = Debug;
		};
		17530F6529476E5100BB3A64 /* Release */ = {
			isa = XCBuildConfiguration;
			buildSettings = {
				ALWAYS_SEARCH_USER_PATHS = NO;
				CLANG_ANALYZER_NONNULL = YES;
				CLANG_ANALYZER_NUMBER_OBJECT_CONVERSION = YES_AGGRESSIVE;
				CLANG_CXX_LANGUAGE_STANDARD = "gnu++20";
				CLANG_ENABLE_MODULES = YES;
				CLANG_ENABLE_OBJC_ARC = YES;
				CLANG_ENABLE_OBJC_WEAK = YES;
				CLANG_WARN_BLOCK_CAPTURE_AUTORELEASING = YES;
				CLANG_WARN_BOOL_CONVERSION = YES;
				CLANG_WARN_COMMA = YES;
				CLANG_WARN_CONSTANT_CONVERSION = YES;
				CLANG_WARN_DEPRECATED_OBJC_IMPLEMENTATIONS = YES;
				CLANG_WARN_DIRECT_OBJC_ISA_USAGE = YES_ERROR;
				CLANG_WARN_DOCUMENTATION_COMMENTS = YES;
				CLANG_WARN_EMPTY_BODY = YES;
				CLANG_WARN_ENUM_CONVERSION = YES;
				CLANG_WARN_INFINITE_RECURSION = YES;
				CLANG_WARN_INT_CONVERSION = YES;
				CLANG_WARN_NON_LITERAL_NULL_CONVERSION = YES;
				CLANG_WARN_OBJC_IMPLICIT_RETAIN_SELF = YES;
				CLANG_WARN_OBJC_LITERAL_CONVERSION = YES;
				CLANG_WARN_OBJC_ROOT_CLASS = YES_ERROR;
				CLANG_WARN_QUOTED_INCLUDE_IN_FRAMEWORK_HEADER = YES;
				CLANG_WARN_RANGE_LOOP_ANALYSIS = YES;
				CLANG_WARN_STRICT_PROTOTYPES = YES;
				CLANG_WARN_SUSPICIOUS_MOVE = YES;
				CLANG_WARN_UNGUARDED_AVAILABILITY = YES_AGGRESSIVE;
				CLANG_WARN_UNREACHABLE_CODE = YES;
				CLANG_WARN__DUPLICATE_METHOD_MATCH = YES;
				COPY_PHASE_STRIP = NO;
				DEBUG_INFORMATION_FORMAT = "dwarf-with-dsym";
				ENABLE_NS_ASSERTIONS = NO;
				ENABLE_STRICT_OBJC_MSGSEND = YES;
				GCC_C_LANGUAGE_STANDARD = gnu11;
				GCC_NO_COMMON_BLOCKS = YES;
				GCC_WARN_64_TO_32_BIT_CONVERSION = YES;
				GCC_WARN_ABOUT_RETURN_TYPE = YES_ERROR;
				GCC_WARN_UNDECLARED_SELECTOR = YES;
				GCC_WARN_UNINITIALIZED_AUTOS = YES_AGGRESSIVE;
				GCC_WARN_UNUSED_FUNCTION = YES;
				GCC_WARN_UNUSED_VARIABLE = YES;
				IPHONEOS_DEPLOYMENT_TARGET = 16.0;
				MTL_ENABLE_DEBUG_INFO = NO;
				MTL_FAST_MATH = YES;
				SDKROOT = iphoneos;
				SWIFT_COMPILATION_MODE = wholemodule;
				SWIFT_OPTIMIZATION_LEVEL = "-O";
				VALIDATE_PRODUCT = YES;
			};
			name = Release;
		};
		17530F6729476E5100BB3A64 /* Debug */ = {
			isa = XCBuildConfiguration;
			buildSettings = {
				ASSETCATALOG_COMPILER_APPICON_NAME = AppIcon;
				ASSETCATALOG_COMPILER_GLOBAL_ACCENT_COLOR_NAME = AccentColor;
				CODE_SIGN_STYLE = Automatic;
				CURRENT_PROJECT_VERSION = 1;
				DEVELOPMENT_TEAM = UD84BLAXT6;
				GENERATE_INFOPLIST_FILE = YES;
				INFOPLIST_FILE = NetflixClone/Info.plist;
				INFOPLIST_KEY_UIApplicationSupportsIndirectInputEvents = YES;
				INFOPLIST_KEY_UILaunchStoryboardName = LaunchScreen;
				INFOPLIST_KEY_UISupportedInterfaceOrientations_iPad = "UIInterfaceOrientationPortrait UIInterfaceOrientationPortraitUpsideDown UIInterfaceOrientationLandscapeLeft UIInterfaceOrientationLandscapeRight";
				INFOPLIST_KEY_UISupportedInterfaceOrientations_iPhone = "UIInterfaceOrientationPortrait UIInterfaceOrientationLandscapeLeft UIInterfaceOrientationLandscapeRight";
				LD_RUNPATH_SEARCH_PATHS = (
					"$(inherited)",
					"@executable_path/Frameworks",
				);
				MARKETING_VERSION = 1.0;
				PRODUCT_BUNDLE_IDENTIFIER = com.kiliclimehmetali.NetflixClone;
				PRODUCT_NAME = "$(TARGET_NAME)";
				SWIFT_EMIT_LOC_STRINGS = YES;
				SWIFT_VERSION = 5.0;
				TARGETED_DEVICE_FAMILY = "1,2";
			};
			name = Debug;
		};
		17530F6829476E5100BB3A64 /* Release */ = {
			isa = XCBuildConfiguration;
			buildSettings = {
				ASSETCATALOG_COMPILER_APPICON_NAME = AppIcon;
				ASSETCATALOG_COMPILER_GLOBAL_ACCENT_COLOR_NAME = AccentColor;
				CODE_SIGN_STYLE = Automatic;
				CURRENT_PROJECT_VERSION = 1;
				DEVELOPMENT_TEAM = UD84BLAXT6;
				GENERATE_INFOPLIST_FILE = YES;
				INFOPLIST_FILE = NetflixClone/Info.plist;
				INFOPLIST_KEY_UIApplicationSupportsIndirectInputEvents = YES;
				INFOPLIST_KEY_UILaunchStoryboardName = LaunchScreen;
				INFOPLIST_KEY_UISupportedInterfaceOrientations_iPad = "UIInterfaceOrientationPortrait UIInterfaceOrientationPortraitUpsideDown UIInterfaceOrientationLandscapeLeft UIInterfaceOrientationLandscapeRight";
				INFOPLIST_KEY_UISupportedInterfaceOrientations_iPhone = "UIInterfaceOrientationPortrait UIInterfaceOrientationLandscapeLeft UIInterfaceOrientationLandscapeRight";
				LD_RUNPATH_SEARCH_PATHS = (
					"$(inherited)",
					"@executable_path/Frameworks",
				);
				MARKETING_VERSION = 1.0;
				PRODUCT_BUNDLE_IDENTIFIER = com.kiliclimehmetali.NetflixClone;
				PRODUCT_NAME = "$(TARGET_NAME)";
				SWIFT_EMIT_LOC_STRINGS = YES;
				SWIFT_VERSION = 5.0;
				TARGETED_DEVICE_FAMILY = "1,2";
			};
			name = Release;
		};
/* End XCBuildConfiguration section */

/* Begin XCConfigurationList section */
		17530F4D29476E4F00BB3A64 /* Build configuration list for PBXProject "NetflixClone" */ = {
			isa = XCConfigurationList;
			buildConfigurations = (
				17530F6429476E5100BB3A64 /* Debug */,
				17530F6529476E5100BB3A64 /* Release */,
			);
			defaultConfigurationIsVisible = 0;
			defaultConfigurationName = Release;
		};
		17530F6629476E5100BB3A64 /* Build configuration list for PBXNativeTarget "NetflixClone" */ = {
			isa = XCConfigurationList;
			buildConfigurations = (
				17530F6729476E5100BB3A64 /* Debug */,
				17530F6829476E5100BB3A64 /* Release */,
			);
			defaultConfigurationIsVisible = 0;
			defaultConfigurationName = Release;
		};
/* End XCConfigurationList section */

/* Begin XCRemoteSwiftPackageReference section */
		176E005329701845004FF702 /* XCRemoteSwiftPackageReference "SDWebImage" */ = {
			isa = XCRemoteSwiftPackageReference;
			repositoryURL = "https://github.com/SDWebImage/SDWebImage.git";
			requirement = {
				kind = upToNextMajorVersion;
				minimumVersion = 5.0.0;
			};
		};
/* End XCRemoteSwiftPackageReference section */

/* Begin XCSwiftPackageProductDependency section */
		176E005429701845004FF702 /* SDWebImage */ = {
			isa = XCSwiftPackageProductDependency;
			package = 176E005329701845004FF702 /* XCRemoteSwiftPackageReference "SDWebImage" */;
			productName = SDWebImage;
		};
		176E005629701845004FF702 /* SDWebImageMapKit */ = {
			isa = XCSwiftPackageProductDependency;
			package = 176E005329701845004FF702 /* XCRemoteSwiftPackageReference "SDWebImage" */;
			productName = SDWebImageMapKit;
		};
/* End XCSwiftPackageProductDependency section */

/* Begin XCVersionGroup section */
		17942E392987B5B300C9241D /* NetflixCloneModel.xcdatamodeld */ = {
			isa = XCVersionGroup;
			children = (
				17942E3A2987B5B300C9241D /* NetflixCloneModel.xcdatamodel */,
			);
			currentVersion = 17942E3A2987B5B300C9241D /* NetflixCloneModel.xcdatamodel */;
			path = NetflixCloneModel.xcdatamodeld;
			sourceTree = "<group>";
			versionGroupType = wrapper.xcdatamodel;
		};
/* End XCVersionGroup section */
	};
	rootObject = 17530F4A29476E4F00BB3A64 /* Project object */;
}
